[dependencies]
  [dependencies.github-workflow]
    name = "github-workflow"
    full_name = "github-workflow_0.0.1"
    version = "0.0.1"
    sum = "T1xLmkYMcnv8cxEb1GkYvfuhBtlf1HWvpeRtHm336H0="
    reg = "ghcr.io"
    repo = "kcl-lang/github-workflow"
    oci_tag = "0.0.1"
  [dependencies.k8s]
    name = "k8s"
    full_name = "k8s_1.31.2"
    version = "1.31.2"
    sum = "xBZgPsnpVVyWBpahuPQHReeRx28eUHGFoaPeqbct+vs="
    reg = "ghcr.io"
    repo = "kcl-lang/k8s"
    oci_tag = "1.31.2"
  [dependencies.tekton]
    name = "tekton"
    full_name = "tekton_0.2.1"
    version = "0.2.1"
    sum = "/H2lb2t62LVwRbsgE7j3D5Gq+tMwK+es60Itb3OeJR0="
    reg = "ghcr.io"
    repo = "kcl-lang/tekton"
    oci_tag = "0.2.1"
