[dependencies]
  [dependencies.common]
    name = "common"
    full_name = "common_0.1.0"
    version = "0.1.0"
  [dependencies.database]
    name = "database"
    full_name = "database_0.1.0"
    version = "0.1.0"
  [dependencies.storage]
    name = "storage"
    full_name = "storage_0.1.0"
    version = "0.1.0"
